
Microsoft Visual Studio Solution File, Format Version 12.00
# Visual Studio Version 16
VisualStudioVersion = 16.0.29806.167
MinimumVisualStudioVersion = 10.0.40219.1
Project("{9A19103F-16F7-4668-BE54-9A1E7A4F7556}") = "DarkSkyWeatherWidget", "DarkSkyWeatherWidget\DarkSkyWeatherWidget.csproj", "{39FF5A6B-58C3-4E23-8DD3-125E5A1E9294}"
EndProject
Global
	GlobalSection(SolutionConfigurationPlatforms) = preSolution
		Debug|Any CPU = Debug|Any CPU
		Release|Any CPU = Release|Any CPU
	EndGlobalSection
	GlobalSection(ProjectConfigurationPlatforms) = postSolution
		{39FF5A6B-58C3-4E23-8DD3-125E5A1E9294}.Debug|Any CPU.ActiveCfg = Debug|Any CPU
		{39FF5A6B-58C3-4E23-8DD3-125E5A1E9294}.Debug|Any CPU.Build.0 = Debug|Any CPU
		{39FF5A6B-58C3-4E23-8DD3-125E5A1E9294}.Release|Any CPU.ActiveCfg = Release|Any CPU
		{39FF5A6B-58C3-4E23-8DD3-125E5A1E9294}.Release|Any CPU.Build.0 = Release|Any CPU
	EndGlobalSection
	GlobalSection(SolutionProperties) = preSolution
		HideSolutionNode = FALSE
	EndGlobalSection
	GlobalSection(ExtensibilityGlobals) = postSolution
		SolutionGuid = {FF34ABD2-8707-4825-AA51-D975E76EE8CA}
	EndGlobalSection
EndGlobal
